
Microsoft Visual Studio Solution File, Format Version 12.00
# Visual Studio Version 17
VisualStudioVersion = 17.5.002.0
MinimumVisualStudioVersion = 10.0.40219.1
Project("{9A19103F-16F7-4668-BE54-9A1E7A4F7556}") = "FunOlympicGameManagementSystem", "FunOlympicGameManagementSystem.csproj", "{C925D7EF-93E8-4069-BF4E-6E956DA370F6}"
EndProject
Global
	GlobalSection(SolutionConfigurationPlatforms) = preSolution
		Debug|Any CPU = Debug|Any CPU
		Release|Any CPU = Release|Any CPU
	EndGlobalSection
	GlobalSection(ProjectConfigurationPlatforms) = postSolution
		{C925D7EF-93E8-4069-BF4E-6E956DA370F6}.Debug|Any CPU.ActiveCfg = Debug|Any CPU
		{C925D7EF-93E8-4069-BF4E-6E956DA370F6}.Debug|Any CPU.Build.0 = Debug|Any CPU
		{C925D7EF-93E8-4069-BF4E-6E956DA370F6}.Release|Any CPU.ActiveCfg = Release|Any CPU
		{C925D7EF-93E8-4069-BF4E-6E956DA370F6}.Release|Any CPU.Build.0 = Release|Any CPU
	EndGlobalSection
	GlobalSection(SolutionProperties) = preSolution
		HideSolutionNode = FALSE
	EndGlobalSection
	GlobalSection(ExtensibilityGlobals) = postSolution
		SolutionGuid = {7FEECF43-66E4-4359-B394-7D2625035151}
	EndGlobalSection
EndGlobal
